// !$*UTF8*$!
{
	archiveVersion = 1;
	classes = {
	};
	objectVersion = 46;
	objects = {

/* Begin PBXBuildFile section */
		3A5AFDE716F0BC1E00A0F316 /* UIKit.framework in Frameworks */ = {isa = PBXBuildFile; fileRef = 3A5AFDE616F0BC1E00A0F316 /* UIKit.framework */; };
		3A5AFDE916F0BC1E00A0F316 /* Foundation.framework in Frameworks */ = {isa = PBXBuildFile; fileRef = 3A5AFDE816F0BC1E00A0F316 /* Foundation.framework */; };
		3A5AFDEB16F0BC1E00A0F316 /* CoreGraphics.framework in Frameworks */ = {isa = PBXBuildFile; fileRef = 3A5AFDEA16F0BC1E00A0F316 /* CoreGraphics.framework */; };
		3A5AFDF116F0BC1E00A0F316 /* InfoPlist.strings in Resources */ = {isa = PBXBuildFile; fileRef = 3A5AFDEF16F0BC1E00A0F316 /* InfoPlist.strings */; };
		3A5AFDF316F0BC1E00A0F316 /* main.m in Sources */ = {isa = PBXBuildFile; fileRef = 3A5AFDF216F0BC1E00A0F316 /* main.m */; };
		3A5AFDF716F0BC1E00A0F316 /* AppDelegate.m in Sources */ = {isa = PBXBuildFile; fileRef = 3A5AFDF616F0BC1E00A0F316 /* AppDelegate.m */; };
		3A5AFDFA16F0BC1E00A0F316 /* ViewController.m in Sources */ = {isa = PBXBuildFile; fileRef = 3A5AFDF916F0BC1E00A0F316 /* ViewController.m */; };
		3A5AFDFD16F0BC1E00A0F316 /* ViewController.xib in Resources */ = {isa = PBXBuildFile; fileRef = 3A5AFDFB16F0BC1E00A0F316 /* ViewController.xib */; };
		3A5AFE0516F0BF2200A0F316 /* CAPasteBoard.m in Sources */ = {isa = PBXBuildFile; fileRef = 3A5AFE0416F0BF2200A0F316 /* CAPasteBoard.m */; };
		3A5AFE0716F0C33500A0F316 /* download.jpeg in Resources */ = {isa = PBXBuildFile; fileRef = 3A5AFE0616F0C33500A0F316 /* download.jpeg */; };
/* End PBXBuildFile section */

/* Begin PBXFileReference section */
		3A5AFDE216F0BC1E00A0F316 /* ClipBoardApp.app */ = {isa = PBXFileReference; explicitFileType = wrapper.application; includeInIndex = 0; path = ClipBoardApp.app; sourceTree = BUILT_PRODUCTS_DIR; };
		3A5AFDE616F0BC1E00A0F316 /* UIKit.framework */ = {isa = PBXFileReference; lastKnownFileType = wrapper.framework; name = UIKit.framework; path = System/Library/Frameworks/UIKit.framework; sourceTree = SDKROOT; };
		3A5AFDE816F0BC1E00A0F316 /* Foundation.framework */ = {isa = PBXFileReference; lastKnownFileType = wrapper.framework; name = Foundation.framework; path = System/Library/Frameworks/Foundation.framework; sourceTree = SDKROOT; };
		3A5AFDEA16F0BC1E00A0F316 /* CoreGraphics.framework */ = {isa = PBXFileReference; lastKnownFileType = wrapper.framework; name = CoreGraphics.framework; path = System/Library/Frameworks/CoreGraphics.framework; sourceTree = SDKROOT; };
		3A5AFDEE16F0BC1E00A0F316 /* ClipBoardApp-Info.plist */ = {isa = PBXFileReference; lastKnownFileType = text.plist.xml; path = "ClipBoardApp-Info.plist"; sourceTree = "<group>"; };
		3A5AFDF016F0BC1E00A0F316 /* en */ = {isa = PBXFileReference; lastKnownFileType = text.plist.strings; name = en; path = en.lproj/InfoPlist.strings; sourceTree = "<group>"; };
		3A5AFDF216F0BC1E00A0F316 /* main.m */ = {isa = PBXFileReference; lastKnownFileType = sourcecode.c.objc; path = main.m; sourceTree = "<group>"; };
		3A5AFDF416F0BC1E00A0F316 /* ClipBoardApp-Prefix.pch */ = {isa = PBXFileReference; lastKnownFileType = sourcecode.c.h; path = "ClipBoardApp-Prefix.pch"; sourceTree = "<group>"; };
		3A5AFDF516F0BC1E00A0F316 /* AppDelegate.h */ = {isa = PBXFileReference; lastKnownFileType = sourcecode.c.h; path = AppDelegate.h; sourceTree = "<group>"; };
		3A5AFDF616F0BC1E00A0F316 /* AppDelegate.m */ = {isa = PBXFileReference; lastKnownFileType = sourcecode.c.objc; path = AppDelegate.m; sourceTree = "<group>"; };
		3A5AFDF816F0BC1E00A0F316 /* ViewController.h */ = {isa = PBXFileReference; lastKnownFileType = sourcecode.c.h; path = ViewController.h; sourceTree = "<group>"; };
		3A5AFDF916F0BC1E00A0F316 /* ViewController.m */ = {isa = PBXFileReference; lastKnownFileType = sourcecode.c.objc; path = ViewController.m; sourceTree = "<group>"; };
		3A5AFDFC16F0BC1E00A0F316 /* en */ = {isa = PBXFileReference; lastKnownFileType = file.xib; name = en; path = en.lproj/ViewController.xib; sourceTree = "<group>"; };
		3A5AFE0316F0BF2200A0F316 /* CAPasteBoard.h */ = {isa = PBXFileReference; fileEncoding = 4; lastKnownFileType = sourcecode.c.h; path = CAPasteBoard.h; sourceTree = "<group>"; };
		3A5AFE0416F0BF2200A0F316 /* CAPasteBoard.m */ = {isa = PBXFileReference; fileEncoding = 4; lastKnownFileType = sourcecode.c.objc; path = CAPasteBoard.m; sourceTree = "<group>"; };
		3A5AFE0616F0C33500A0F316 /* download.jpeg */ = {isa = PBXFileReference; lastKnownFileType = image.jpeg; path = download.jpeg; sourceTree = "<group>"; };
/* End PBXFileReference section */

/* Begin PBXFrameworksBuildPhase section */
		3A5AFDDF16F0BC1E00A0F316 /* Frameworks */ = {
			isa = PBXFrameworksBuildPhase;
			buildActionMask = 2147483647;
			files = (
				3A5AFDE716F0BC1E00A0F316 /* UIKit.framework in Frameworks */,
				3A5AFDE916F0BC1E00A0F316 /* Foundation.framework in Frameworks */,
				3A5AFDEB16F0BC1E00A0F316 /* CoreGraphics.framework in Frameworks */,
			);
			runOnlyForDeploymentPostprocessing = 0;
		};
/* End PBXFrameworksBuildPhase section */

/* Begin PBXGroup section */
		3A5AFDD716F0BC1E00A0F316 = {
			isa = PBXGroup;
			children = (
				3A5AFDEC16F0BC1E00A0F316 /* ClipBoardApp */,
				3A5AFDE516F0BC1E00A0F316 /* Frameworks */,
				3A5AFDE316F0BC1E00A0F316 /* Products */,
			);
			sourceTree = "<group>";
		};
		3A5AFDE316F0BC1E00A0F316 /* Products */ = {
			isa = PBXGroup;
			children = (
				3A5AFDE216F0BC1E00A0F316 /* ClipBoardApp.app */,
			);
			name = Products;
			sourceTree = "<group>";
		};
		3A5AFDE516F0BC1E00A0F316 /* Frameworks */ = {
			isa = PBXGroup;
			children = (
				3A5AFDE616F0BC1E00A0F316 /* UIKit.framework */,
				3A5AFDE816F0BC1E00A0F316 /* Foundation.framework */,
				3A5AFDEA16F0BC1E00A0F316 /* CoreGraphics.framework */,
			);
			name = Frameworks;
			sourceTree = "<group>";
		};
		3A5AFDEC16F0BC1E00A0F316 /* ClipBoardApp */ = {
			isa = PBXGroup;
			children = (
				3A5AFDF516F0BC1E00A0F316 /* AppDelegate.h */,
				3A5AFDF616F0BC1E00A0F316 /* AppDelegate.m */,
				3A5AFDF816F0BC1E00A0F316 /* ViewController.h */,
				3A5AFDF916F0BC1E00A0F316 /* ViewController.m */,
				3A5AFDFB16F0BC1E00A0F316 /* ViewController.xib */,
				3A5AFDED16F0BC1E00A0F316 /* Supporting Files */,
				3A5AFE0316F0BF2200A0F316 /* CAPasteBoard.h */,
				3A5AFE0416F0BF2200A0F316 /* CAPasteBoard.m */,
			);
			path = ClipBoardApp;
			sourceTree = "<group>";
		};
		3A5AFDED16F0BC1E00A0F316 /* Supporting Files */ = {
			isa = PBXGroup;
			children = (
				3A5AFE0616F0C33500A0F316 /* download.jpeg */,
				3A5AFDEE16F0BC1E00A0F316 /* ClipBoardApp-Info.plist */,
				3A5AFDEF16F0BC1E00A0F316 /* InfoPlist.strings */,
				3A5AFDF216F0BC1E00A0F316 /* main.m */,
				3A5AFDF416F0BC1E00A0F316 /* ClipBoardApp-Prefix.pch */,
			);
			name = "Supporting Files";
			sourceTree = "<group>";
		};
/* End PBXGroup section */

/* Begin PBXNativeTarget section */
		3A5AFDE116F0BC1E00A0F316 /* ClipBoardApp */ = {
			isa = PBXNativeTarget;
			buildConfigurationList = 3A5AFE0016F0BC1E00A0F316 /* Build configuration list for PBXNativeTarget "ClipBoardApp" */;
			buildPhases = (
				3A5AFDDE16F0BC1E00A0F316 /* Sources */,
				3A5AFDDF16F0BC1E00A0F316 /* Frameworks */,
				3A5AFDE016F0BC1E00A0F316 /* Resources */,
			);
			buildRules = (
			);
			dependencies = (
			);
			name = ClipBoardApp;
			productName = ClipBoardApp;
			productReference = 3A5AFDE216F0BC1E00A0F316 /* ClipBoardApp.app */;
			productType = "com.apple.product-type.application";
		};
/* End PBXNativeTarget section */

/* Begin PBXProject section */
		3A5AFDD916F0BC1E00A0F316 /* Project object */ = {
			isa = PBXProject;
			attributes = {
				LastUpgradeCheck = 0420;
			};
			buildConfigurationList = 3A5AFDDC16F0BC1E00A0F316 /* Build configuration list for PBXProject "ClipBoardApp" */;
			compatibilityVersion = "Xcode 3.2";
			developmentRegion = English;
			hasScannedForEncodings = 0;
			knownRegions = (
				en,
			);
			mainGroup = 3A5AFDD716F0BC1E00A0F316;
			productRefGroup = 3A5AFDE316F0BC1E00A0F316 /* Products */;
			projectDirPath = "";
			projectRoot = "";
			targets = (
				3A5AFDE116F0BC1E00A0F316 /* ClipBoardApp */,
			);
		};
/* End PBXProject section */

/* Begin PBXResourcesBuildPhase section */
		3A5AFDE016F0BC1E00A0F316 /* Resources */ = {
			isa = PBXResourcesBuildPhase;
			buildActionMask = 2147483647;
			files = (
				3A5AFDF116F0BC1E00A0F316 /* InfoPlist.strings in Resources */,
				3A5AFDFD16F0BC1E00A0F316 /* ViewController.xib in Resources */,
				3A5AFE0716F0C33500A0F316 /* download.jpeg in Resources */,
			);
			runOnlyForDeploymentPostprocessing = 0;
		};
/* End PBXResourcesBuildPhase section */

/* Begin PBXSourcesBuildPhase section */
		3A5AFDDE16F0BC1E00A0F316 /* Sources */ = {
			isa = PBXSourcesBuildPhase;
			buildActionMask = 2147483647;
			files = (
				3A5AFDF316F0BC1E00A0F316 /* main.m in Sources */,
				3A5AFDF716F0BC1E00A0F316 /* AppDelegate.m in Sources */,
				3A5AFDFA16F0BC1E00A0F316 /* ViewController.m in Sources */,
				3A5AFE0516F0BF2200A0F316 /* CAPasteBoard.m in Sources */,
			);
			runOnlyForDeploymentPostprocessing = 0;
		};
/* End PBXSourcesBuildPhase section */

/* Begin PBXVariantGroup section */
		3A5AFDEF16F0BC1E00A0F316 /* InfoPlist.strings */ = {
			isa = PBXVariantGroup;
			children = (
				3A5AFDF016F0BC1E00A0F316 /* en */,
			);
			name = InfoPlist.strings;
			sourceTree = "<group>";
		};
		3A5AFDFB16F0BC1E00A0F316 /* ViewController.xib */ = {
			isa = PBXVariantGroup;
			children = (
				3A5AFDFC16F0BC1E00A0F316 /* en */,
			);
			name = ViewController.xib;
			sourceTree = "<group>";
		};
/* End PBXVariantGroup section */

/* Begin XCBuildConfiguration section */
		3A5AFDFE16F0BC1E00A0F316 /* Debug */ = {
			isa = XCBuildConfiguration;
			buildSettings = {
				ALWAYS_SEARCH_USER_PATHS = NO;
				ARCHS = "$(ARCHS_STANDARD_32_BIT)";
				"CODE_SIGN_IDENTITY[sdk=iphoneos*]" = "iPhone Developer";
				COPY_PHASE_STRIP = NO;
				GCC_C_LANGUAGE_STANDARD = gnu99;
				GCC_DYNAMIC_NO_PIC = NO;
				GCC_OPTIMIZATION_LEVEL = 0;
				GCC_PREPROCESSOR_DEFINITIONS = (
					"DEBUG=1",
					"$(inherited)",
				);
				GCC_SYMBOLS_PRIVATE_EXTERN = NO;
				GCC_VERSION = com.apple.compilers.llvm.clang.1_0;
				GCC_WARN_ABOUT_MISSING_PROTOTYPES = YES;
				GCC_WARN_ABOUT_RETURN_TYPE = YES;
				GCC_WARN_UNUSED_VARIABLE = YES;
				IPHONEOS_DEPLOYMENT_TARGET = 5.0;
				SDKROOT = iphoneos;
			};
			name = Debug;
		};
		3A5AFDFF16F0BC1E00A0F316 /* Release */ = {
			isa = XCBuildConfiguration;
			buildSettings = {
				ALWAYS_SEARCH_USER_PATHS = NO;
				ARCHS = "$(ARCHS_STANDARD_32_BIT)";
				"CODE_SIGN_IDENTITY[sdk=iphoneos*]" = "iPhone Developer";
				COPY_PHASE_STRIP = YES;
				GCC_C_LANGUAGE_STANDARD = gnu99;
				GCC_VERSION = com.apple.compilers.llvm.clang.1_0;
				GCC_WARN_ABOUT_MISSING_PROTOTYPES = YES;
				GCC_WARN_ABOUT_RETURN_TYPE = YES;
				GCC_WARN_UNUSED_VARIABLE = YES;
				IPHONEOS_DEPLOYMENT_TARGET = 5.0;
				OTHER_CFLAGS = "-DNS_BLOCK_ASSERTIONS=1";
				SDKROOT = iphoneos;
				VALIDATE_PRODUCT = YES;
			};
			name = Release;
		};
		3A5AFE0116F0BC1E00A0F316 /* Debug */ = {
			isa = XCBuildConfiguration;
			buildSettings = {
				GCC_PRECOMPILE_PREFIX_HEADER = YES;
				GCC_PREFIX_HEADER = "ClipBoardApp/ClipBoardApp-Prefix.pch";
				INFOPLIST_FILE = "ClipBoardApp/ClipBoardApp-Info.plist";
				PRODUCT_NAME = "$(TARGET_NAME)";
				WRAPPER_EXTENSION = app;
			};
			name = Debug;
		};
		3A5AFE0216F0BC1E00A0F316 /* Release */ = {
			isa = XCBuildConfiguration;
			buildSettings = {
				GCC_PRECOMPILE_PREFIX_HEADER = YES;
				GCC_PREFIX_HEADER = "ClipBoardApp/ClipBoardApp-Prefix.pch";
				INFOPLIST_FILE = "ClipBoardApp/ClipBoardApp-Info.plist";
				PRODUCT_NAME = "$(TARGET_NAME)";
				WRAPPER_EXTENSION = app;
			};
			name = Release;
		};
/* End XCBuildConfiguration section */

/* Begin XCConfigurationList section */
		3A5AFDDC16F0BC1E00A0F316 /* Build configuration list for PBXProject "ClipBoardApp" */ = {
			isa = XCConfigurationList;
			buildConfigurations = (
				3A5AFDFE16F0BC1E00A0F316 /* Debug */,
				3A5AFDFF16F0BC1E00A0F316 /* Release */,
			);
			defaultConfigurationIsVisible = 0;
			defaultConfigurationName = Release;
		};
		3A5AFE0016F0BC1E00A0F316 /* Build configuration list for PBXNativeTarget "ClipBoardApp" */ = {
			isa = XCConfigurationList;
			buildConfigurations = (
				3A5AFE0116F0BC1E00A0F316 /* Debug */,
				3A5AFE0216F0BC1E00A0F316 /* Release */,
			);
			defaultConfigurationIsVisible = 0;
		};
/* End XCConfigurationList section */
	};
	rootObject = 3A5AFDD916F0BC1E00A0F316 /* Project object */;
}
